
Microsoft Visual Studio Solution File, Format Version 12.00
# Visual Studio Version 16
VisualStudioVersion = 16.0.28803.352
MinimumVisualStudioVersion = 10.0.40219.1
Project("{FAE04EC0-301F-11D3-BF4B-00C04F79EFBC}") = "PlantsStore.Domain", "Domain\PlantsStore.Domain.csproj", "{74AC6CC2-F83F-4664-A199-6F49B8D689DC}"
EndProject
Project("{FAE04EC0-301F-11D3-BF4B-00C04F79EFBC}") = "PlantsStore.WebUI", "WebUI\PlantsStore.WebUI.csproj", "{B150A7C0-7518-4316-A059-8E2946FD6F3A}"
EndProject
Project("{FAE04EC0-301F-11D3-BF4B-00C04F79EFBC}") = "PlantsStore.UnitTests", "UnitTests\PlantsStore.UnitTests.csproj", "{F2D73539-8A1E-4B84-AA3F-DDF06D4A1F47}"
EndProject
Global
	GlobalSection(SolutionConfigurationPlatforms) = preSolution
		Debug|Any CPU = Debug|Any CPU
		Release|Any CPU = Release|Any CPU
	EndGlobalSection
	GlobalSection(ProjectConfigurationPlatforms) = postSolution
		{74AC6CC2-F83F-4664-A199-6F49B8D689DC}.Debug|Any CPU.ActiveCfg = Debug|Any CPU
		{74AC6CC2-F83F-4664-A199-6F49B8D689DC}.Debug|Any CPU.Build.0 = Debug|Any CPU
		{74AC6CC2-F83F-4664-A199-6F49B8D689DC}.Release|Any CPU.ActiveCfg = Release|Any CPU
		{74AC6CC2-F83F-4664-A199-6F49B8D689DC}.Release|Any CPU.Build.0 = Release|Any CPU
		{B150A7C0-7518-4316-A059-8E2946FD6F3A}.Debug|Any CPU.ActiveCfg = Debug|Any CPU
		{B150A7C0-7518-4316-A059-8E2946FD6F3A}.Debug|Any CPU.Build.0 = Debug|Any CPU
		{B150A7C0-7518-4316-A059-8E2946FD6F3A}.Release|Any CPU.ActiveCfg = Release|Any CPU
		{B150A7C0-7518-4316-A059-8E2946FD6F3A}.Release|Any CPU.Build.0 = Release|Any CPU
		{F2D73539-8A1E-4B84-AA3F-DDF06D4A1F47}.Debug|Any CPU.ActiveCfg = Debug|Any CPU
		{F2D73539-8A1E-4B84-AA3F-DDF06D4A1F47}.Debug|Any CPU.Build.0 = Debug|Any CPU
		{F2D73539-8A1E-4B84-AA3F-DDF06D4A1F47}.Release|Any CPU.ActiveCfg = Release|Any CPU
		{F2D73539-8A1E-4B84-AA3F-DDF06D4A1F47}.Release|Any CPU.Build.0 = Release|Any CPU
	EndGlobalSection
	GlobalSection(SolutionProperties) = preSolution
		HideSolutionNode = FALSE
	EndGlobalSection
	GlobalSection(ExtensibilityGlobals) = postSolution
		SolutionGuid = {D256514C-F79F-4A46-BCAF-BE30A47E6A43}
	EndGlobalSection
EndGlobal
